
Microsoft Visual Studio Solution File, Format Version 12.00
# Visual Studio Version 17
VisualStudioVersion = 17.11.35327.3
MinimumVisualStudioVersion = 10.0.40219.1
Project("{FAE04EC0-301F-11D3-BF4B-00C04F79EFBC}") = "TcKimlik", "TcKimlik\TcKimlik.csproj", "{8CCEFC3B-0941-487D-8646-00FC314BF8ED}"
EndProject
Global
	GlobalSection(SolutionConfigurationPlatforms) = preSolution
		Debug|Any CPU = Debug|Any CPU
		Release|Any CPU = Release|Any CPU
	EndGlobalSection
	GlobalSection(ProjectConfigurationPlatforms) = postSolution
		{8CCEFC3B-0941-487D-8646-00FC314BF8ED}.Debug|Any CPU.ActiveCfg = Debug|Any CPU
		{8CCEFC3B-0941-487D-8646-00FC314BF8ED}.Debug|Any CPU.Build.0 = Debug|Any CPU
		{8CCEFC3B-0941-487D-8646-00FC314BF8ED}.Release|Any CPU.ActiveCfg = Release|Any CPU
		{8CCEFC3B-0941-487D-8646-00FC314BF8ED}.Release|Any CPU.Build.0 = Release|Any CPU
	EndGlobalSection
	GlobalSection(SolutionProperties) = preSolution
		HideSolutionNode = FALSE
	EndGlobalSection
	GlobalSection(ExtensibilityGlobals) = postSolution
		SolutionGuid = {1C8D7F8F-6288-4567-942E-E907C3E3BF75}
	EndGlobalSection
EndGlobal
